
Microsoft Visual Studio Solution File, Format Version 12.00
# Visual Studio Version 17
VisualStudioVersion = 17.8.34525.116
MinimumVisualStudioVersion = 10.0.40219.1
Project("{FAE04EC0-301F-11D3-BF4B-00C04F79EFBC}") = "Week4Loops", "Week4Loops\Week4Loops.csproj", "{F2795954-D3BC-42E3-AB80-7E882A92E746}"
EndProject
Project("{FAE04EC0-301F-11D3-BF4B-00C04F79EFBC}") = "ForLoop", "ForLoop\ForLoop.csproj", "{A5AC1708-AC9C-4872-AAAE-87428A6A46C9}"
EndProject
Project("{FAE04EC0-301F-11D3-BF4B-00C04F79EFBC}") = "RandomNumber", "RandomNumber\RandomNumber.csproj", "{685A9062-866F-4BE7-B93E-D36972770801}"
EndProject
Project("{FAE04EC0-301F-11D3-BF4B-00C04F79EFBC}") = "WhileLoops", "WhileLoops\WhileLoops.csproj", "{D2D02B2D-EEB9-43C9-9909-250B6B553293}"
EndProject
Global
	GlobalSection(SolutionConfigurationPlatforms) = preSolution
		Debug|Any CPU = Debug|Any CPU
		Release|Any CPU = Release|Any CPU
	EndGlobalSection
	GlobalSection(ProjectConfigurationPlatforms) = postSolution
		{F2795954-D3BC-42E3-AB80-7E882A92E746}.Debug|Any CPU.ActiveCfg = Debug|Any CPU
		{F2795954-D3BC-42E3-AB80-7E882A92E746}.Debug|Any CPU.Build.0 = Debug|Any CPU
		{F2795954-D3BC-42E3-AB80-7E882A92E746}.Release|Any CPU.ActiveCfg = Release|Any CPU
		{F2795954-D3BC-42E3-AB80-7E882A92E746}.Release|Any CPU.Build.0 = Release|Any CPU
		{A5AC1708-AC9C-4872-AAAE-87428A6A46C9}.Debug|Any CPU.ActiveCfg = Debug|Any CPU
		{A5AC1708-AC9C-4872-AAAE-87428A6A46C9}.Debug|Any CPU.Build.0 = Debug|Any CPU
		{A5AC1708-AC9C-4872-AAAE-87428A6A46C9}.Release|Any CPU.ActiveCfg = Release|Any CPU
		{A5AC1708-AC9C-4872-AAAE-87428A6A46C9}.Release|Any CPU.Build.0 = Release|Any CPU
		{685A9062-866F-4BE7-B93E-D36972770801}.Debug|Any CPU.ActiveCfg = Debug|Any CPU
		{685A9062-866F-4BE7-B93E-D36972770801}.Debug|Any CPU.Build.0 = Debug|Any CPU
		{685A9062-866F-4BE7-B93E-D36972770801}.Release|Any CPU.ActiveCfg = Release|Any CPU
		{685A9062-866F-4BE7-B93E-D36972770801}.Release|Any CPU.Build.0 = Release|Any CPU
		{D2D02B2D-EEB9-43C9-9909-250B6B553293}.Debug|Any CPU.ActiveCfg = Debug|Any CPU
		{D2D02B2D-EEB9-43C9-9909-250B6B553293}.Debug|Any CPU.Build.0 = Debug|Any CPU
		{D2D02B2D-EEB9-43C9-9909-250B6B553293}.Release|Any CPU.ActiveCfg = Release|Any CPU
		{D2D02B2D-EEB9-43C9-9909-250B6B553293}.Release|Any CPU.Build.0 = Release|Any CPU
	EndGlobalSection
	GlobalSection(SolutionProperties) = preSolution
		HideSolutionNode = FALSE
	EndGlobalSection
	GlobalSection(ExtensibilityGlobals) = postSolution
		SolutionGuid = {5EBD6945-49FB-4AD3-B9CA-48DE65F9BBCD}
	EndGlobalSection
EndGlobal
